// !$*UTF8*$!
{
	archiveVersion = 1;
	classes = {
	};
	objectVersion = 56;
	objects = {

/* Begin PBXBuildFile section */
		B5425B072C24A7F400B9FA30 /* SegmentMeApp.swift in Sources */ = {isa = PBXBuildFile; fileRef = B5425B062C24A7F400B9FA30 /* SegmentMeApp.swift */; };
		B5425B092C24A7F400B9FA30 /* ContentView.swift in Sources */ = {isa = PBXBuildFile; fileRef = B5425B082C24A7F400B9FA30 /* ContentView.swift */; };
		B5425B0B2C24A7F700B9FA30 /* Assets.xcassets in Resources */ = {isa = PBXBuildFile; fileRef = B5425B0A2C24A7F700B9FA30 /* Assets.xcassets */; };
		B5425B0E2C24A7F700B9FA30 /* Preview Assets.xcassets in Resources */ = {isa = PBXBuildFile; fileRef = B5425B0D2C24A7F700B9FA30 /* Preview Assets.xcassets */; };
		B5425B192C24A7F800B9FA30 /* SegmentMeTests.swift in Sources */ = {isa = PBXBuildFile; fileRef = B5425B182C24A7F800B9FA30 /* SegmentMeTests.swift */; };
		B5425B232C24A7F800B9FA30 /* SegmentMeUITests.swift in Sources */ = {isa = PBXBuildFile; fileRef = B5425B222C24A7F800B9FA30 /* SegmentMeUITests.swift */; };
		B5425B252C24A7F800B9FA30 /* SegmentMeUITestsLaunchTests.swift in Sources */ = {isa = PBXBuildFile; fileRef = B5425B242C24A7F800B9FA30 /* SegmentMeUITestsLaunchTests.swift */; };
		B5425B402C25FDC900B9FA30 /* choosePhoto.swift in Sources */ = {isa = PBXBuildFile; fileRef = B5425B3F2C25FDC900B9FA30 /* choosePhoto.swift */; };
		B5425B422C25FE4200B9FA30 /* photosModel.swift in Sources */ = {isa = PBXBuildFile; fileRef = B5425B412C25FE4200B9FA30 /* photosModel.swift */; };
		B5425B442C25FF3600B9FA30 /* imageData.swift in Sources */ = {isa = PBXBuildFile; fileRef = B5425B432C25FF3600B9FA30 /* imageData.swift */; };
		B5425B462C26004A00B9FA30 /* ImageRow.swift in Sources */ = {isa = PBXBuildFile; fileRef = B5425B452C26004A00B9FA30 /* ImageRow.swift */; };
		B5425B482C2603D200B9FA30 /* ImportingView.swift in Sources */ = {isa = PBXBuildFile; fileRef = B5425B472C2603D200B9FA30 /* ImportingView.swift */; };
		B5425B4A2C260B1000B9FA30 /* SideImageView.swift in Sources */ = {isa = PBXBuildFile; fileRef = B5425B492C260B1000B9FA30 /* SideImageView.swift */; };
		B5425B502C29D44F00B9FA30 /* DeepLabV3.mlpackage in Sources */ = {isa = PBXBuildFile; fileRef = B5425B4F2C29D44E00B9FA30 /* DeepLabV3.mlpackage */; };
		B5425B522C29EFA400B9FA30 /* NSImageExtensions.swift in Sources */ = {isa = PBXBuildFile; fileRef = B5425B512C29EFA400B9FA30 /* NSImageExtensions.swift */; };
		B5425B562C2B0C9A00B9FA30 /* AppDelegate.swift in Sources */ = {isa = PBXBuildFile; fileRef = B5425B552C2B0C9A00B9FA30 /* AppDelegate.swift */; };
		B5425B5B2C2B4A0300B9FA30 /* ImagePicker.swift in Sources */ = {isa = PBXBuildFile; fileRef = B5425B5A2C2B4A0300B9FA30 /* ImagePicker.swift */; };
		B5425B5D2C2B4A3700B9FA30 /* NSImage+PixelBuffer.swift in Sources */ = {isa = PBXBuildFile; fileRef = B5425B5C2C2B4A3700B9FA30 /* NSImage+PixelBuffer.swift */; };
		B57BABEE2C2F0B5100C1AA60 /* segImage.swift in Sources */ = {isa = PBXBuildFile; fileRef = B57BABED2C2F0B5100C1AA60 /* segImage.swift */; };
		B57BABF02C2F0D8700C1AA60 /* DeepLabV3FP16.mlmodel in Sources */ = {isa = PBXBuildFile; fileRef = B57BABEF2C2F0D8700C1AA60 /* DeepLabV3FP16.mlmodel */; };
		B57BABF22C2F0D8D00C1AA60 /* DeepLabV3Int8LUT.mlmodel in Sources */ = {isa = PBXBuildFile; fileRef = B57BABF12C2F0D8D00C1AA60 /* DeepLabV3Int8LUT.mlmodel */; };
		B57BABF42C2F270900C1AA60 /* MLMultiArray+Image.swift in Sources */ = {isa = PBXBuildFile; fileRef = B57BABF32C2F270900C1AA60 /* MLMultiArray+Image.swift */; };
		B57BABF62C2F275800C1AA60 /* CGImage+RawBytes.swift in Sources */ = {isa = PBXBuildFile; fileRef = B57BABF52C2F275800C1AA60 /* CGImage+RawBytes.swift */; };
		B57BABF82C2F27C100C1AA60 /* Math.swift in Sources */ = {isa = PBXBuildFile; fileRef = B57BABF72C2F27C100C1AA60 /* Math.swift */; };
/* End PBXBuildFile section */

/* Begin PBXContainerItemProxy section */
		B5425B152C24A7F800B9FA30 /* PBXContainerItemProxy */ = {
			isa = PBXContainerItemProxy;
			containerPortal = B5425AFB2C24A7F400B9FA30 /* Project object */;
			proxyType = 1;
			remoteGlobalIDString = B5425B022C24A7F400B9FA30;
			remoteInfo = SegmentMe;
		};
		B5425B1F2C24A7F800B9FA30 /* PBXContainerItemProxy */ = {
			isa = PBXContainerItemProxy;
			containerPortal = B5425AFB2C24A7F400B9FA30 /* Project object */;
			proxyType = 1;
			remoteGlobalIDString = B5425B022C24A7F400B9FA30;
			remoteInfo = SegmentMe;
		};
/* End PBXContainerItemProxy section */

/* Begin PBXFileReference section */
		B5425B032C24A7F400B9FA30 /* SegmentMe.app */ = {isa = PBXFileReference; explicitFileType = wrapper.application; includeInIndex = 0; path = SegmentMe.app; sourceTree = BUILT_PRODUCTS_DIR; };
		B5425B062C24A7F400B9FA30 /* SegmentMeApp.swift */ = {isa = PBXFileReference; lastKnownFileType = sourcecode.swift; path = SegmentMeApp.swift; sourceTree = "<group>"; };
		B5425B082C24A7F400B9FA30 /* ContentView.swift */ = {isa = PBXFileReference; lastKnownFileType = sourcecode.swift; path = ContentView.swift; sourceTree = "<group>"; };
		B5425B0A2C24A7F700B9FA30 /* Assets.xcassets */ = {isa = PBXFileReference; lastKnownFileType = folder.assetcatalog; path = Assets.xcassets; sourceTree = "<group>"; };
		B5425B0D2C24A7F700B9FA30 /* Preview Assets.xcassets */ = {isa = PBXFileReference; lastKnownFileType = folder.assetcatalog; path = "Preview Assets.xcassets"; sourceTree = "<group>"; };
		B5425B0F2C24A7F700B9FA30 /* SegmentMe.entitlements */ = {isa = PBXFileReference; lastKnownFileType = text.plist.entitlements; path = SegmentMe.entitlements; sourceTree = "<group>"; };
		B5425B142C24A7F800B9FA30 /* SegmentMeTests.xctest */ = {isa = PBXFileReference; explicitFileType = wrapper.cfbundle; includeInIndex = 0; path = SegmentMeTests.xctest; sourceTree = BUILT_PRODUCTS_DIR; };
		B5425B182C24A7F800B9FA30 /* SegmentMeTests.swift */ = {isa = PBXFileReference; lastKnownFileType = sourcecode.swift; path = SegmentMeTests.swift; sourceTree = "<group>"; };
		B5425B1E2C24A7F800B9FA30 /* SegmentMeUITests.xctest */ = {isa = PBXFileReference; explicitFileType = wrapper.cfbundle; includeInIndex = 0; path = SegmentMeUITests.xctest; sourceTree = BUILT_PRODUCTS_DIR; };
		B5425B222C24A7F800B9FA30 /* SegmentMeUITests.swift */ = {isa = PBXFileReference; lastKnownFileType = sourcecode.swift; path = SegmentMeUITests.swift; sourceTree = "<group>"; };
		B5425B242C24A7F800B9FA30 /* SegmentMeUITestsLaunchTests.swift */ = {isa = PBXFileReference; lastKnownFileType = sourcecode.swift; path = SegmentMeUITestsLaunchTests.swift; sourceTree = "<group>"; };
		B5425B3F2C25FDC900B9FA30 /* choosePhoto.swift */ = {isa = PBXFileReference; lastKnownFileType = sourcecode.swift; path = choosePhoto.swift; sourceTree = "<group>"; };
		B5425B412C25FE4200B9FA30 /* photosModel.swift */ = {isa = PBXFileReference; lastKnownFileType = sourcecode.swift; path = photosModel.swift; sourceTree = "<group>"; };
		B5425B432C25FF3600B9FA30 /* imageData.swift */ = {isa = PBXFileReference; lastKnownFileType = sourcecode.swift; path = imageData.swift; sourceTree = "<group>"; };
		B5425B452C26004A00B9FA30 /* ImageRow.swift */ = {isa = PBXFileReference; lastKnownFileType = sourcecode.swift; path = ImageRow.swift; sourceTree = "<group>"; };
		B5425B472C2603D200B9FA30 /* ImportingView.swift */ = {isa = PBXFileReference; lastKnownFileType = sourcecode.swift; path = ImportingView.swift; sourceTree = "<group>"; };
		B5425B492C260B1000B9FA30 /* SideImageView.swift */ = {isa = PBXFileReference; lastKnownFileType = sourcecode.swift; path = SideImageView.swift; sourceTree = "<group>"; };
		B5425B4F2C29D44E00B9FA30 /* DeepLabV3.mlpackage */ = {isa = PBXFileReference; lastKnownFileType = folder.mlpackage; path = DeepLabV3.mlpackage; sourceTree = "<group>"; };
		B5425B512C29EFA400B9FA30 /* NSImageExtensions.swift */ = {isa = PBXFileReference; lastKnownFileType = sourcecode.swift; path = NSImageExtensions.swift; sourceTree = "<group>"; };
		B5425B552C2B0C9A00B9FA30 /* AppDelegate.swift */ = {isa = PBXFileReference; lastKnownFileType = sourcecode.swift; path = AppDelegate.swift; sourceTree = "<group>"; };
		B5425B5A2C2B4A0300B9FA30 /* ImagePicker.swift */ = {isa = PBXFileReference; lastKnownFileType = sourcecode.swift; path = ImagePicker.swift; sourceTree = "<group>"; };
		B5425B5C2C2B4A3700B9FA30 /* NSImage+PixelBuffer.swift */ = {isa = PBXFileReference; lastKnownFileType = sourcecode.swift; path = "NSImage+PixelBuffer.swift"; sourceTree = "<group>"; };
		B57BABED2C2F0B5100C1AA60 /* segImage.swift */ = {isa = PBXFileReference; lastKnownFileType = sourcecode.swift; path = segImage.swift; sourceTree = "<group>"; };
		B57BABEF2C2F0D8700C1AA60 /* DeepLabV3FP16.mlmodel */ = {isa = PBXFileReference; lastKnownFileType = file.mlmodel; path = DeepLabV3FP16.mlmodel; sourceTree = "<group>"; };
		B57BABF12C2F0D8D00C1AA60 /* DeepLabV3Int8LUT.mlmodel */ = {isa = PBXFileReference; lastKnownFileType = file.mlmodel; path = DeepLabV3Int8LUT.mlmodel; sourceTree = "<group>"; };
		B57BABF32C2F270900C1AA60 /* MLMultiArray+Image.swift */ = {isa = PBXFileReference; fileEncoding = 4; lastKnownFileType = sourcecode.swift; path = "MLMultiArray+Image.swift"; sourceTree = "<group>"; };
		B57BABF52C2F275800C1AA60 /* CGImage+RawBytes.swift */ = {isa = PBXFileReference; fileEncoding = 4; lastKnownFileType = sourcecode.swift; path = "CGImage+RawBytes.swift"; sourceTree = "<group>"; };
		B57BABF72C2F27C100C1AA60 /* Math.swift */ = {isa = PBXFileReference; fileEncoding = 4; lastKnownFileType = sourcecode.swift; path = Math.swift; sourceTree = "<group>"; };
/* End PBXFileReference section */

/* Begin PBXFrameworksBuildPhase section */
		B5425B002C24A7F400B9FA30 /* Frameworks */ = {
			isa = PBXFrameworksBuildPhase;
			buildActionMask = 2147483647;
			files = (
			);
			runOnlyForDeploymentPostprocessing = 0;
		};
		B5425B112C24A7F800B9FA30 /* Frameworks */ = {
			isa = PBXFrameworksBuildPhase;
			buildActionMask = 2147483647;
			files = (
			);
			runOnlyForDeploymentPostprocessing = 0;
		};
		B5425B1B2C24A7F800B9FA30 /* Frameworks */ = {
			isa = PBXFrameworksBuildPhase;
			buildActionMask = 2147483647;
			files = (
			);
			runOnlyForDeploymentPostprocessing = 0;
		};
/* End PBXFrameworksBuildPhase section */

/* Begin PBXGroup section */
		B5425AFA2C24A7F400B9FA30 = {
			isa = PBXGroup;
			children = (
				B5425B052C24A7F400B9FA30 /* SegmentMe */,
				B5425B172C24A7F800B9FA30 /* SegmentMeTests */,
				B5425B212C24A7F800B9FA30 /* SegmentMeUITests */,
				B5425B042C24A7F400B9FA30 /* Products */,
			);
			sourceTree = "<group>";
		};
		B5425B042C24A7F400B9FA30 /* Products */ = {
			isa = PBXGroup;
			children = (
				B5425B032C24A7F400B9FA30 /* SegmentMe.app */,
				B5425B142C24A7F800B9FA30 /* SegmentMeTests.xctest */,
				B5425B1E2C24A7F800B9FA30 /* SegmentMeUITests.xctest */,
			);
			name = Products;
			sourceTree = "<group>";
		};
		B5425B052C24A7F400B9FA30 /* SegmentMe */ = {
			isa = PBXGroup;
			children = (
				B5425B062C24A7F400B9FA30 /* SegmentMeApp.swift */,
				B57BABEF2C2F0D8700C1AA60 /* DeepLabV3FP16.mlmodel */,
				B57BABF12C2F0D8D00C1AA60 /* DeepLabV3Int8LUT.mlmodel */,
				B5425B4F2C29D44E00B9FA30 /* DeepLabV3.mlpackage */,
				B5425B592C2B168B00B9FA30 /* Views */,
				B5425B512C29EFA400B9FA30 /* NSImageExtensions.swift */,
				B57BABF32C2F270900C1AA60 /* MLMultiArray+Image.swift */,
				B5425B552C2B0C9A00B9FA30 /* AppDelegate.swift */,
				B5425B412C25FE4200B9FA30 /* photosModel.swift */,
				B5425B432C25FF3600B9FA30 /* imageData.swift */,
				B57BABF52C2F275800C1AA60 /* CGImage+RawBytes.swift */,
				B57BABF72C2F27C100C1AA60 /* Math.swift */,
				B5425B452C26004A00B9FA30 /* ImageRow.swift */,
				B5425B3F2C25FDC900B9FA30 /* choosePhoto.swift */,
				B5425B0A2C24A7F700B9FA30 /* Assets.xcassets */,
				B5425B0F2C24A7F700B9FA30 /* SegmentMe.entitlements */,
				B5425B0C2C24A7F700B9FA30 /* Preview Content */,
			);
			path = SegmentMe;
			sourceTree = "<group>";
		};
		B5425B0C2C24A7F700B9FA30 /* Preview Content */ = {
			isa = PBXGroup;
			children = (
				B5425B0D2C24A7F700B9FA30 /* Preview Assets.xcassets */,
			);
			path = "Preview Content";
			sourceTree = "<group>";
		};
		B5425B172C24A7F800B9FA30 /* SegmentMeTests */ = {
			isa = PBXGroup;
			children = (
				B5425B182C24A7F800B9FA30 /* SegmentMeTests.swift */,
			);
			path = SegmentMeTests;
			sourceTree = "<group>";
		};
		B5425B212C24A7F800B9FA30 /* SegmentMeUITests */ = {
			isa = PBXGroup;
			children = (
				B5425B222C24A7F800B9FA30 /* SegmentMeUITests.swift */,
				B5425B242C24A7F800B9FA30 /* SegmentMeUITestsLaunchTests.swift */,
			);
			path = SegmentMeUITests;
			sourceTree = "<group>";
		};
		B5425B592C2B168B00B9FA30 /* Views */ = {
			isa = PBXGroup;
			children = (
				B5425B082C24A7F400B9FA30 /* ContentView.swift */,
				B57BABED2C2F0B5100C1AA60 /* segImage.swift */,
				B5425B5A2C2B4A0300B9FA30 /* ImagePicker.swift */,
				B5425B5C2C2B4A3700B9FA30 /* NSImage+PixelBuffer.swift */,
				B5425B472C2603D200B9FA30 /* ImportingView.swift */,
				B5425B492C260B1000B9FA30 /* SideImageView.swift */,
			);
			path = Views;
			sourceTree = "<group>";
		};
/* End PBXGroup section */

/* Begin PBXNativeTarget section */
		B5425B022C24A7F400B9FA30 /* SegmentMe */ = {
			isa = PBXNativeTarget;
			buildConfigurationList = B5425B282C24A7F800B9FA30 /* Build configuration list for PBXNativeTarget "SegmentMe" */;
			buildPhases = (
				B5425AFF2C24A7F400B9FA30 /* Sources */,
				B5425B002C24A7F400B9FA30 /* Frameworks */,
				B5425B012C24A7F400B9FA30 /* Resources */,
			);
			buildRules = (
			);
			dependencies = (
			);
			name = SegmentMe;
			productName = SegmentMe;
			productReference = B5425B032C24A7F400B9FA30 /* SegmentMe.app */;
			productType = "com.apple.product-type.application";
		};
		B5425B132C24A7F800B9FA30 /* SegmentMeTests */ = {
			isa = PBXNativeTarget;
			buildConfigurationList = B5425B2B2C24A7F800B9FA30 /* Build configuration list for PBXNativeTarget "SegmentMeTests" */;
			buildPhases = (
				B5425B102C24A7F800B9FA30 /* Sources */,
				B5425B112C24A7F800B9FA30 /* Frameworks */,
				B5425B122C24A7F800B9FA30 /* Resources */,
			);
			buildRules = (
			);
			dependencies = (
				B5425B162C24A7F800B9FA30 /* PBXTargetDependency */,
			);
			name = SegmentMeTests;
			productName = SegmentMeTests;
			productReference = B5425B142C24A7F800B9FA30 /* SegmentMeTests.xctest */;
			productType = "com.apple.product-type.bundle.unit-test";
		};
		B5425B1D2C24A7F800B9FA30 /* SegmentMeUITests */ = {
			isa = PBXNativeTarget;
			buildConfigurationList = B5425B2E2C24A7F800B9FA30 /* Build configuration list for PBXNativeTarget "SegmentMeUITests" */;
			buildPhases = (
				B5425B1A2C24A7F800B9FA30 /* Sources */,
				B5425B1B2C24A7F800B9FA30 /* Frameworks */,
				B5425B1C2C24A7F800B9FA30 /* Resources */,
			);
			buildRules = (
			);
			dependencies = (
				B5425B202C24A7F800B9FA30 /* PBXTargetDependency */,
			);
			name = SegmentMeUITests;
			productName = SegmentMeUITests;
			productReference = B5425B1E2C24A7F800B9FA30 /* SegmentMeUITests.xctest */;
			productType = "com.apple.product-type.bundle.ui-testing";
		};
/* End PBXNativeTarget section */

/* Begin PBXProject section */
		B5425AFB2C24A7F400B9FA30 /* Project object */ = {
			isa = PBXProject;
			attributes = {
				BuildIndependentTargetsInParallel = 1;
				LastSwiftUpdateCheck = 1540;
				LastUpgradeCheck = 1540;
				TargetAttributes = {
					B5425B022C24A7F400B9FA30 = {
						CreatedOnToolsVersion = 15.4;
					};
					B5425B132C24A7F800B9FA30 = {
						CreatedOnToolsVersion = 15.4;
						TestTargetID = B5425B022C24A7F400B9FA30;
					};
					B5425B1D2C24A7F800B9FA30 = {
						CreatedOnToolsVersion = 15.4;
						TestTargetID = B5425B022C24A7F400B9FA30;
					};
				};
			};
			buildConfigurationList = B5425AFE2C24A7F400B9FA30 /* Build configuration list for PBXProject "SegmentMe" */;
			compatibilityVersion = "Xcode 14.0";
			developmentRegion = en;
			hasScannedForEncodings = 0;
			knownRegions = (
				en,
				Base,
			);
			mainGroup = B5425AFA2C24A7F400B9FA30;
			productRefGroup = B5425B042C24A7F400B9FA30 /* Products */;
			projectDirPath = "";
			projectRoot = "";
			targets = (
				B5425B022C24A7F400B9FA30 /* SegmentMe */,
				B5425B132C24A7F800B9FA30 /* SegmentMeTests */,
				B5425B1D2C24A7F800B9FA30 /* SegmentMeUITests */,
			);
		};
/* End PBXProject section */

/* Begin PBXResourcesBuildPhase section */
		B5425B012C24A7F400B9FA30 /* Resources */ = {
			isa = PBXResourcesBuildPhase;
			buildActionMask = 2147483647;
			files = (
				B5425B0E2C24A7F700B9FA30 /* Preview Assets.xcassets in Resources */,
				B5425B0B2C24A7F700B9FA30 /* Assets.xcassets in Resources */,
			);
			runOnlyForDeploymentPostprocessing = 0;
		};
		B5425B122C24A7F800B9FA30 /* Resources */ = {
			isa = PBXResourcesBuildPhase;
			buildActionMask = 2147483647;
			files = (
			);
			runOnlyForDeploymentPostprocessing = 0;
		};
		B5425B1C2C24A7F800B9FA30 /* Resources */ = {
			isa = PBXResourcesBuildPhase;
			buildActionMask = 2147483647;
			files = (
			);
			runOnlyForDeploymentPostprocessing = 0;
		};
/* End PBXResourcesBuildPhase section */

/* Begin PBXSourcesBuildPhase section */
		B5425AFF2C24A7F400B9FA30 /* Sources */ = {
			isa = PBXSourcesBuildPhase;
			buildActionMask = 2147483647;
			files = (
				B5425B482C2603D200B9FA30 /* ImportingView.swift in Sources */,
				B5425B5D2C2B4A3700B9FA30 /* NSImage+PixelBuffer.swift in Sources */,
				B5425B502C29D44F00B9FA30 /* DeepLabV3.mlpackage in Sources */,
				B5425B4A2C260B1000B9FA30 /* SideImageView.swift in Sources */,
				B57BABF22C2F0D8D00C1AA60 /* DeepLabV3Int8LUT.mlmodel in Sources */,
				B5425B092C24A7F400B9FA30 /* ContentView.swift in Sources */,
				B5425B522C29EFA400B9FA30 /* NSImageExtensions.swift in Sources */,
				B5425B072C24A7F400B9FA30 /* SegmentMeApp.swift in Sources */,
				B57BABF42C2F270900C1AA60 /* MLMultiArray+Image.swift in Sources */,
				B5425B562C2B0C9A00B9FA30 /* AppDelegate.swift in Sources */,
				B5425B462C26004A00B9FA30 /* ImageRow.swift in Sources */,
				B57BABF02C2F0D8700C1AA60 /* DeepLabV3FP16.mlmodel in Sources */,
				B5425B442C25FF3600B9FA30 /* imageData.swift in Sources */,
				B5425B5B2C2B4A0300B9FA30 /* ImagePicker.swift in Sources */,
				B57BABF82C2F27C100C1AA60 /* Math.swift in Sources */,
				B57BABF62C2F275800C1AA60 /* CGImage+RawBytes.swift in Sources */,
				B5425B422C25FE4200B9FA30 /* photosModel.swift in Sources */,
				B5425B402C25FDC900B9FA30 /* choosePhoto.swift in Sources */,
				B57BABEE2C2F0B5100C1AA60 /* segImage.swift in Sources */,
			);
			runOnlyForDeploymentPostprocessing = 0;
		};
		B5425B102C24A7F800B9FA30 /* Sources */ = {
			isa = PBXSourcesBuildPhase;
			buildActionMask = 2147483647;
			files = (
				B5425B192C24A7F800B9FA30 /* SegmentMeTests.swift in Sources */,
			);
			runOnlyForDeploymentPostprocessing = 0;
		};
		B5425B1A2C24A7F800B9FA30 /* Sources */ = {
			isa = PBXSourcesBuildPhase;
			buildActionMask = 2147483647;
			files = (
				B5425B252C24A7F800B9FA30 /* SegmentMeUITestsLaunchTests.swift in Sources */,
				B5425B232C24A7F800B9FA30 /* SegmentMeUITests.swift in Sources */,
			);
			runOnlyForDeploymentPostprocessing = 0;
		};
/* End PBXSourcesBuildPhase section */

/* Begin PBXTargetDependency section */
		B5425B162C24A7F800B9FA30 /* PBXTargetDependency */ = {
			isa = PBXTargetDependency;
			target = B5425B022C24A7F400B9FA30 /* SegmentMe */;
			targetProxy = B5425B152C24A7F800B9FA30 /* PBXContainerItemProxy */;
		};
		B5425B202C24A7F800B9FA30 /* PBXTargetDependency */ = {
			isa = PBXTargetDependency;
			target = B5425B022C24A7F400B9FA30 /* SegmentMe */;
			targetProxy = B5425B1F2C24A7F800B9FA30 /* PBXContainerItemProxy */;
		};
/* End PBXTargetDependency section */

/* Begin XCBuildConfiguration section */
		B5425B262C24A7F800B9FA30 /* Debug */ = {
			isa = XCBuildConfiguration;
			buildSettings = {
				ALWAYS_SEARCH_USER_PATHS = NO;
				ASSETCATALOG_COMPILER_GENERATE_SWIFT_ASSET_SYMBOL_EXTENSIONS = YES;
				CLANG_ANALYZER_NONNULL = YES;
				CLANG_ANALYZER_NUMBER_OBJECT_CONVERSION = YES_AGGRESSIVE;
				CLANG_CXX_LANGUAGE_STANDARD = "gnu++20";
				CLANG_ENABLE_MODULES = YES;
				CLANG_ENABLE_OBJC_ARC = YES;
				CLANG_ENABLE_OBJC_WEAK = YES;
				CLANG_WARN_BLOCK_CAPTURE_AUTORELEASING = YES;
				CLANG_WARN_BOOL_CONVERSION = YES;
				CLANG_WARN_COMMA = YES;
				CLANG_WARN_CONSTANT_CONVERSION = YES;
				CLANG_WARN_DEPRECATED_OBJC_IMPLEMENTATIONS = YES;
				CLANG_WARN_DIRECT_OBJC_ISA_USAGE = YES_ERROR;
				CLANG_WARN_DOCUMENTATION_COMMENTS = YES;
				CLANG_WARN_EMPTY_BODY = YES;
				CLANG_WARN_ENUM_CONVERSION = YES;
				CLANG_WARN_INFINITE_RECURSION = YES;
				CLANG_WARN_INT_CONVERSION = YES;
				CLANG_WARN_NON_LITERAL_NULL_CONVERSION = YES;
				CLANG_WARN_OBJC_IMPLICIT_RETAIN_SELF = YES;
				CLANG_WARN_OBJC_LITERAL_CONVERSION = YES;
				CLANG_WARN_OBJC_ROOT_CLASS = YES_ERROR;
				CLANG_WARN_QUOTED_INCLUDE_IN_FRAMEWORK_HEADER = YES;
				CLANG_WARN_RANGE_LOOP_ANALYSIS = YES;
				CLANG_WARN_STRICT_PROTOTYPES = YES;
				CLANG_WARN_SUSPICIOUS_MOVE = YES;
				CLANG_WARN_UNGUARDED_AVAILABILITY = YES_AGGRESSIVE;
				CLANG_WARN_UNREACHABLE_CODE = YES;
				CLANG_WARN__DUPLICATE_METHOD_MATCH = YES;
				COPY_PHASE_STRIP = NO;
				DEBUG_INFORMATION_FORMAT = dwarf;
				ENABLE_STRICT_OBJC_MSGSEND = YES;
				ENABLE_TESTABILITY = YES;
				ENABLE_USER_SCRIPT_SANDBOXING = YES;
				GCC_C_LANGUAGE_STANDARD = gnu17;
				GCC_DYNAMIC_NO_PIC = NO;
				GCC_NO_COMMON_BLOCKS = YES;
				GCC_OPTIMIZATION_LEVEL = 0;
				GCC_PREPROCESSOR_DEFINITIONS = (
					"DEBUG=1",
					"$(inherited)",
				);
				GCC_WARN_64_TO_32_BIT_CONVERSION = YES;
				GCC_WARN_ABOUT_RETURN_TYPE = YES_ERROR;
				GCC_WARN_UNDECLARED_SELECTOR = YES;
				GCC_WARN_UNINITIALIZED_AUTOS = YES_AGGRESSIVE;
				GCC_WARN_UNUSED_FUNCTION = YES;
				GCC_WARN_UNUSED_VARIABLE = YES;
				LOCALIZATION_PREFERS_STRING_CATALOGS = YES;
				MACOSX_DEPLOYMENT_TARGET = 14.5;
				MTL_ENABLE_DEBUG_INFO = INCLUDE_SOURCE;
				MTL_FAST_MATH = YES;
				ONLY_ACTIVE_ARCH = YES;
				SDKROOT = macosx;
				SWIFT_ACTIVE_COMPILATION_CONDITIONS = "DEBUG $(inherited)";
				SWIFT_OPTIMIZATION_LEVEL = "-Onone";
			};
			name = Debug;
		};
		B5425B272C24A7F800B9FA30 /* Release */ = {
			isa = XCBuildConfiguration;
			buildSettings = {
				ALWAYS_SEARCH_USER_PATHS = NO;
				ASSETCATALOG_COMPILER_GENERATE_SWIFT_ASSET_SYMBOL_EXTENSIONS = YES;
				CLANG_ANALYZER_NONNULL = YES;
				CLANG_ANALYZER_NUMBER_OBJECT_CONVERSION = YES_AGGRESSIVE;
				CLANG_CXX_LANGUAGE_STANDARD = "gnu++20";
				CLANG_ENABLE_MODULES = YES;
				CLANG_ENABLE_OBJC_ARC = YES;
				CLANG_ENABLE_OBJC_WEAK = YES;
				CLANG_WARN_BLOCK_CAPTURE_AUTORELEASING = YES;
				CLANG_WARN_BOOL_CONVERSION = YES;
				CLANG_WARN_COMMA = YES;
				CLANG_WARN_CONSTANT_CONVERSION = YES;
				CLANG_WARN_DEPRECATED_OBJC_IMPLEMENTATIONS = YES;
				CLANG_WARN_DIRECT_OBJC_ISA_USAGE = YES_ERROR;
				CLANG_WARN_DOCUMENTATION_COMMENTS = YES;
				CLANG_WARN_EMPTY_BODY = YES;
				CLANG_WARN_ENUM_CONVERSION = YES;
				CLANG_WARN_INFINITE_RECURSION = YES;
				CLANG_WARN_INT_CONVERSION = YES;
				CLANG_WARN_NON_LITERAL_NULL_CONVERSION = YES;
				CLANG_WARN_OBJC_IMPLICIT_RETAIN_SELF = YES;
				CLANG_WARN_OBJC_LITERAL_CONVERSION = YES;
				CLANG_WARN_OBJC_ROOT_CLASS = YES_ERROR;
				CLANG_WARN_QUOTED_INCLUDE_IN_FRAMEWORK_HEADER = YES;
				CLANG_WARN_RANGE_LOOP_ANALYSIS = YES;
				CLANG_WARN_STRICT_PROTOTYPES = YES;
				CLANG_WARN_SUSPICIOUS_MOVE = YES;
				CLANG_WARN_UNGUARDED_AVAILABILITY = YES_AGGRESSIVE;
				CLANG_WARN_UNREACHABLE_CODE = YES;
				CLANG_WARN__DUPLICATE_METHOD_MATCH = YES;
				COPY_PHASE_STRIP = NO;
				DEBUG_INFORMATION_FORMAT = "dwarf-with-dsym";
				ENABLE_NS_ASSERTIONS = NO;
				ENABLE_STRICT_OBJC_MSGSEND = YES;
				ENABLE_USER_SCRIPT_SANDBOXING = YES;
				GCC_C_LANGUAGE_STANDARD = gnu17;
				GCC_NO_COMMON_BLOCKS = YES;
				GCC_WARN_64_TO_32_BIT_CONVERSION = YES;
				GCC_WARN_ABOUT_RETURN_TYPE = YES_ERROR;
				GCC_WARN_UNDECLARED_SELECTOR = YES;
				GCC_WARN_UNINITIALIZED_AUTOS = YES_AGGRESSIVE;
				GCC_WARN_UNUSED_FUNCTION = YES;
				GCC_WARN_UNUSED_VARIABLE = YES;
				LOCALIZATION_PREFERS_STRING_CATALOGS = YES;
				MACOSX_DEPLOYMENT_TARGET = 14.5;
				MTL_ENABLE_DEBUG_INFO = NO;
				MTL_FAST_MATH = YES;
				SDKROOT = macosx;
				SWIFT_COMPILATION_MODE = wholemodule;
			};
			name = Release;
		};
		B5425B292C24A7F800B9FA30 /* Debug */ = {
			isa = XCBuildConfiguration;
			buildSettings = {
				ASSETCATALOG_COMPILER_APPICON_NAME = AppIcon;
				ASSETCATALOG_COMPILER_GLOBAL_ACCENT_COLOR_NAME = AccentColor;
				CODE_SIGN_ENTITLEMENTS = SegmentMe/SegmentMe.entitlements;
				"CODE_SIGN_IDENTITY[sdk=macosx*]" = "-";
				CODE_SIGN_STYLE = Automatic;
				COMBINE_HIDPI_IMAGES = YES;
				CURRENT_PROJECT_VERSION = 1;
				DEVELOPMENT_ASSET_PATHS = "\"SegmentMe/Preview Content\"";
				DEVELOPMENT_TEAM = XZNBH7DKPN;
				ENABLE_PREVIEWS = YES;
				GENERATE_INFOPLIST_FILE = YES;
				INFOPLIST_KEY_NSHumanReadableCopyright = "";
				LD_RUNPATH_SEARCH_PATHS = (
					"$(inherited)",
					"@executable_path/../Frameworks",
				);
				MARKETING_VERSION = 1.0;
				PRODUCT_BUNDLE_IDENTIFIER = com.benaxline.SegmentMe;
				PRODUCT_NAME = "$(TARGET_NAME)";
				SWIFT_EMIT_LOC_STRINGS = YES;
				SWIFT_VERSION = 5.0;
			};
			name = Debug;
		};
		B5425B2A2C24A7F800B9FA30 /* Release */ = {
			isa = XCBuildConfiguration;
			buildSettings = {
				ASSETCATALOG_COMPILER_APPICON_NAME = AppIcon;
				ASSETCATALOG_COMPILER_GLOBAL_ACCENT_COLOR_NAME = AccentColor;
				CODE_SIGN_ENTITLEMENTS = SegmentMe/SegmentMe.entitlements;
				"CODE_SIGN_IDENTITY[sdk=macosx*]" = "-";
				CODE_SIGN_STYLE = Automatic;
				COMBINE_HIDPI_IMAGES = YES;
				CURRENT_PROJECT_VERSION = 1;
				DEVELOPMENT_ASSET_PATHS = "\"SegmentMe/Preview Content\"";
				DEVELOPMENT_TEAM = XZNBH7DKPN;
				ENABLE_PREVIEWS = YES;
				GENERATE_INFOPLIST_FILE = YES;
				INFOPLIST_KEY_NSHumanReadableCopyright = "";
				LD_RUNPATH_SEARCH_PATHS = (
					"$(inherited)",
					"@executable_path/../Frameworks",
				);
				MARKETING_VERSION = 1.0;
				PRODUCT_BUNDLE_IDENTIFIER = com.benaxline.SegmentMe;
				PRODUCT_NAME = "$(TARGET_NAME)";
				SWIFT_EMIT_LOC_STRINGS = YES;
				SWIFT_VERSION = 5.0;
			};
			name = Release;
		};
		B5425B2C2C24A7F800B9FA30 /* Debug */ = {
			isa = XCBuildConfiguration;
			buildSettings = {
				ALWAYS_EMBED_SWIFT_STANDARD_LIBRARIES = YES;
				BUNDLE_LOADER = "$(TEST_HOST)";
				CODE_SIGN_STYLE = Automatic;
				CURRENT_PROJECT_VERSION = 1;
				GENERATE_INFOPLIST_FILE = YES;
				MACOSX_DEPLOYMENT_TARGET = 14.5;
				MARKETING_VERSION = 1.0;
				PRODUCT_BUNDLE_IDENTIFIER = com.benaxline.SegmentMeTests;
				PRODUCT_NAME = "$(TARGET_NAME)";
				SWIFT_EMIT_LOC_STRINGS = NO;
				SWIFT_VERSION = 5.0;
				TEST_HOST = "$(BUILT_PRODUCTS_DIR)/SegmentMe.app/$(BUNDLE_EXECUTABLE_FOLDER_PATH)/SegmentMe";
			};
			name = Debug;
		};
		B5425B2D2C24A7F800B9FA30 /* Release */ = {
			isa = XCBuildConfiguration;
			buildSettings = {
				ALWAYS_EMBED_SWIFT_STANDARD_LIBRARIES = YES;
				BUNDLE_LOADER = "$(TEST_HOST)";
				CODE_SIGN_STYLE = Automatic;
				CURRENT_PROJECT_VERSION = 1;
				GENERATE_INFOPLIST_FILE = YES;
				MACOSX_DEPLOYMENT_TARGET = 14.5;
				MARKETING_VERSION = 1.0;
				PRODUCT_BUNDLE_IDENTIFIER = com.benaxline.SegmentMeTests;
				PRODUCT_NAME = "$(TARGET_NAME)";
				SWIFT_EMIT_LOC_STRINGS = NO;
				SWIFT_VERSION = 5.0;
				TEST_HOST = "$(BUILT_PRODUCTS_DIR)/SegmentMe.app/$(BUNDLE_EXECUTABLE_FOLDER_PATH)/SegmentMe";
			};
			name = Release;
		};
		B5425B2F2C24A7F800B9FA30 /* Debug */ = {
			isa = XCBuildConfiguration;
			buildSettings = {
				ALWAYS_EMBED_SWIFT_STANDARD_LIBRARIES = YES;
				CODE_SIGN_STYLE = Automatic;
				CURRENT_PROJECT_VERSION = 1;
				GENERATE_INFOPLIST_FILE = YES;
				MARKETING_VERSION = 1.0;
				PRODUCT_BUNDLE_IDENTIFIER = com.benaxline.SegmentMeUITests;
				PRODUCT_NAME = "$(TARGET_NAME)";
				SWIFT_EMIT_LOC_STRINGS = NO;
				SWIFT_VERSION = 5.0;
				TEST_TARGET_NAME = SegmentMe;
			};
			name = Debug;
		};
		B5425B302C24A7F800B9FA30 /* Release */ = {
			isa = XCBuildConfiguration;
			buildSettings = {
				ALWAYS_EMBED_SWIFT_STANDARD_LIBRARIES = YES;
				CODE_SIGN_STYLE = Automatic;
				CURRENT_PROJECT_VERSION = 1;
				GENERATE_INFOPLIST_FILE = YES;
				MARKETING_VERSION = 1.0;
				PRODUCT_BUNDLE_IDENTIFIER = com.benaxline.SegmentMeUITests;
				PRODUCT_NAME = "$(TARGET_NAME)";
				SWIFT_EMIT_LOC_STRINGS = NO;
				SWIFT_VERSION = 5.0;
				TEST_TARGET_NAME = SegmentMe;
			};
			name = Release;
		};
/* End XCBuildConfiguration section */

/* Begin XCConfigurationList section */
		B5425AFE2C24A7F400B9FA30 /* Build configuration list for PBXProject "SegmentMe" */ = {
			isa = XCConfigurationList;
			buildConfigurations = (
				B5425B262C24A7F800B9FA30 /* Debug */,
				B5425B272C24A7F800B9FA30 /* Release */,
			);
			defaultConfigurationIsVisible = 0;
			defaultConfigurationName = Release;
		};
		B5425B282C24A7F800B9FA30 /* Build configuration list for PBXNativeTarget "SegmentMe" */ = {
			isa = XCConfigurationList;
			buildConfigurations = (
				B5425B292C24A7F800B9FA30 /* Debug */,
				B5425B2A2C24A7F800B9FA30 /* Release */,
			);
			defaultConfigurationIsVisible = 0;
			defaultConfigurationName = Release;
		};
		B5425B2B2C24A7F800B9FA30 /* Build configuration list for PBXNativeTarget "SegmentMeTests" */ = {
			isa = XCConfigurationList;
			buildConfigurations = (
				B5425B2C2C24A7F800B9FA30 /* Debug */,
				B5425B2D2C24A7F800B9FA30 /* Release */,
			);
			defaultConfigurationIsVisible = 0;
			defaultConfigurationName = Release;
		};
		B5425B2E2C24A7F800B9FA30 /* Build configuration list for PBXNativeTarget "SegmentMeUITests" */ = {
			isa = XCConfigurationList;
			buildConfigurations = (
				B5425B2F2C24A7F800B9FA30 /* Debug */,
				B5425B302C24A7F800B9FA30 /* Release */,
			);
			defaultConfigurationIsVisible = 0;
			defaultConfigurationName = Release;
		};
/* End XCConfigurationList section */
	};
	rootObject = B5425AFB2C24A7F400B9FA30 /* Project object */;
}
